// !$*UTF8*$!
{
	archiveVersion = 1;
	classes = {
	};
	objectVersion = 51;
	objects = {

/* Begin PBXBuildFile section */
		84DEA00AFB1787A418652291 /* Pods_ChattyJohn_UI.framework in Frameworks */ = {isa = PBXBuildFile; fileRef = 4B6A05114BEDC8FB4D268402 /* Pods_ChattyJohn_UI.framework */; };
		F20DF30A2570B06A00B596F4 /* MessageTableViewCell.swift in Sources */ = {isa = PBXBuildFile; fileRef = F20DF3092570B06A00B596F4 /* MessageTableViewCell.swift */; };
		F24BDBE72571510100D359DC /* ResponseTableViewCell.swift in Sources */ = {isa = PBXBuildFile; fileRef = F24BDBE62571510100D359DC /* ResponseTableViewCell.swift */; };
		F25D23B12571A50600A7E0B0 /* ViewModel.swift in Sources */ = {isa = PBXBuildFile; fileRef = F25D23B02571A50600A7E0B0 /* ViewModel.swift */; };
		F262293F256F54DE00730218 /* AppDelegate.swift in Sources */ = {isa = PBXBuildFile; fileRef = F262293E256F54DE00730218 /* AppDelegate.swift */; };
		F2622941256F54DE00730218 /* SceneDelegate.swift in Sources */ = {isa = PBXBuildFile; fileRef = F2622940256F54DE00730218 /* SceneDelegate.swift */; };
		F2622943256F54DE00730218 /* ViewController.swift in Sources */ = {isa = PBXBuildFile; fileRef = F2622942256F54DE00730218 /* ViewController.swift */; };
		F2622946256F54DE00730218 /* Main.storyboard in Resources */ = {isa = PBXBuildFile; fileRef = F2622944256F54DE00730218 /* Main.storyboard */; };
		F2622948256F54DF00730218 /* Assets.xcassets in Resources */ = {isa = PBXBuildFile; fileRef = F2622947256F54DF00730218 /* Assets.xcassets */; };
		F262294B256F54DF00730218 /* LaunchScreen.storyboard in Resources */ = {isa = PBXBuildFile; fileRef = F2622949256F54DF00730218 /* LaunchScreen.storyboard */; };
/* End PBXBuildFile section */

/* Begin PBXFileReference section */
		4B6A05114BEDC8FB4D268402 /* Pods_ChattyJohn_UI.framework */ = {isa = PBXFileReference; explicitFileType = wrapper.framework; includeInIndex = 0; path = Pods_ChattyJohn_UI.framework; sourceTree = BUILT_PRODUCTS_DIR; };
		6D7EAA754F48FB264747B5FB /* Pods-ChattyJohn*UI.release.xcconfig */ = {isa = PBXFileReference; includeInIndex = 1; lastKnownFileType = text.xcconfig; name = "Pods-ChattyJohn*UI.release.xcconfig"; path = "Target Support Files/Pods-ChattyJohn*UI/Pods-ChattyJohn*UI.release.xcconfig"; sourceTree = "<group>"; };
		BC7710D55668F78CF086CA78 /* Pods-ChattyJohn*UI.debug.xcconfig */ = {isa = PBXFileReference; includeInIndex = 1; lastKnownFileType = text.xcconfig; name = "Pods-ChattyJohn*UI.debug.xcconfig"; path = "Target Support Files/Pods-ChattyJohn*UI/Pods-ChattyJohn*UI.debug.xcconfig"; sourceTree = "<group>"; };
		F20DF3092570B06A00B596F4 /* MessageTableViewCell.swift */ = {isa = PBXFileReference; lastKnownFileType = sourcecode.swift; path = MessageTableViewCell.swift; sourceTree = "<group>"; };
		F24BDBE62571510100D359DC /* ResponseTableViewCell.swift */ = {isa = PBXFileReference; lastKnownFileType = sourcecode.swift; path = ResponseTableViewCell.swift; sourceTree = "<group>"; };
		F25D23B02571A50600A7E0B0 /* ViewModel.swift */ = {isa = PBXFileReference; lastKnownFileType = sourcecode.swift; path = ViewModel.swift; sourceTree = "<group>"; };
		F262293B256F54DE00730218 /* ChattyJohn*UI.app */ = {isa = PBXFileReference; explicitFileType = wrapper.application; includeInIndex = 0; path = "ChattyJohn*UI.app"; sourceTree = BUILT_PRODUCTS_DIR; };
		F262293E256F54DE00730218 /* AppDelegate.swift */ = {isa = PBXFileReference; lastKnownFileType = sourcecode.swift; path = AppDelegate.swift; sourceTree = "<group>"; };
		F2622940256F54DE00730218 /* SceneDelegate.swift */ = {isa = PBXFileReference; lastKnownFileType = sourcecode.swift; path = SceneDelegate.swift; sourceTree = "<group>"; };
		F2622942256F54DE00730218 /* ViewController.swift */ = {isa = PBXFileReference; lastKnownFileType = sourcecode.swift; path = ViewController.swift; sourceTree = "<group>"; };
		F2622945256F54DE00730218 /* Base */ = {isa = PBXFileReference; lastKnownFileType = file.storyboard; name = Base; path = Base.lproj/Main.storyboard; sourceTree = "<group>"; };
		F2622947256F54DF00730218 /* Assets.xcassets */ = {isa = PBXFileReference; lastKnownFileType = folder.assetcatalog; path = Assets.xcassets; sourceTree = "<group>"; };
		F262294A256F54DF00730218 /* Base */ = {isa = PBXFileReference; lastKnownFileType = file.storyboard; name = Base; path = Base.lproj/LaunchScreen.storyboard; sourceTree = "<group>"; };
		F262294C256F54DF00730218 /* Info.plist */ = {isa = PBXFileReference; lastKnownFileType = text.plist.xml; path = Info.plist; sourceTree = "<group>"; };
/* End PBXFileReference section */

/* Begin PBXFrameworksBuildPhase section */
		F2622938256F54DE00730218 /* Frameworks */ = {
			isa = PBXFrameworksBuildPhase;
			buildActionMask = 2147483647;
			files = (
				84DEA00AFB1787A418652291 /* Pods_ChattyJohn_UI.framework in Frameworks */,
			);
			runOnlyForDeploymentPostprocessing = 0;
		};
/* End PBXFrameworksBuildPhase section */

/* Begin PBXGroup section */
		1B75F28FE75C66C9CB3A4A36 /* Frameworks */ = {
			isa = PBXGroup;
			children = (
				4B6A05114BEDC8FB4D268402 /* Pods_ChattyJohn_UI.framework */,
			);
			name = Frameworks;
			sourceTree = "<group>";
		};
		DD4AC70E37B1C1C21E127EE0 /* Pods */ = {
			isa = PBXGroup;
			children = (
				BC7710D55668F78CF086CA78 /* Pods-ChattyJohn*UI.debug.xcconfig */,
				6D7EAA754F48FB264747B5FB /* Pods-ChattyJohn*UI.release.xcconfig */,
			);
			path = Pods;
			sourceTree = "<group>";
		};
		F20DF3082570B05100B596F4 /* View */ = {
			isa = PBXGroup;
			children = (
				F20DF3092570B06A00B596F4 /* MessageTableViewCell.swift */,
				F24BDBE62571510100D359DC /* ResponseTableViewCell.swift */,
			);
			path = View;
			sourceTree = "<group>";
		};
		F22CD6BD2570ABE9007EFB86 /* Controller */ = {
			isa = PBXGroup;
			children = (
				F2622942256F54DE00730218 /* ViewController.swift */,
			);
			path = Controller;
			sourceTree = "<group>";
		};
		F25D23AF2571A4F900A7E0B0 /* ViewModel */ = {
			isa = PBXGroup;
			children = (
				F25D23B02571A50600A7E0B0 /* ViewModel.swift */,
			);
			path = ViewModel;
			sourceTree = "<group>";
		};
		F2622932256F54DE00730218 = {
			isa = PBXGroup;
			children = (
				F262293D256F54DE00730218 /* ChattyJohn*UI */,
				F262293C256F54DE00730218 /* Products */,
				DD4AC70E37B1C1C21E127EE0 /* Pods */,
				1B75F28FE75C66C9CB3A4A36 /* Frameworks */,
			);
			sourceTree = "<group>";
		};
		F262293C256F54DE00730218 /* Products */ = {
			isa = PBXGroup;
			children = (
				F262293B256F54DE00730218 /* ChattyJohn*UI.app */,
			);
			name = Products;
			sourceTree = "<group>";
		};
		F262293D256F54DE00730218 /* ChattyJohn*UI */ = {
			isa = PBXGroup;
			children = (
				F25D23AF2571A4F900A7E0B0 /* ViewModel */,
				F20DF3082570B05100B596F4 /* View */,
				F22CD6BD2570ABE9007EFB86 /* Controller */,
				F262293E256F54DE00730218 /* AppDelegate.swift */,
				F2622940256F54DE00730218 /* SceneDelegate.swift */,
				F2622944256F54DE00730218 /* Main.storyboard */,
				F2622947256F54DF00730218 /* Assets.xcassets */,
				F2622949256F54DF00730218 /* LaunchScreen.storyboard */,
				F262294C256F54DF00730218 /* Info.plist */,
			);
			path = "ChattyJohn*UI";
			sourceTree = "<group>";
		};
/* End PBXGroup section */

/* Begin PBXNativeTarget section */
		F262293A256F54DE00730218 /* ChattyJohn*UI */ = {
			isa = PBXNativeTarget;
			buildConfigurationList = F262294F256F54DF00730218 /* Build configuration list for PBXNativeTarget "ChattyJohn*UI" */;
			buildPhases = (
				4641FAAA59B62DB74D41CCF1 /* [CP] Check Pods Manifest.lock */,
				F2622937256F54DE00730218 /* Sources */,
				F2622938256F54DE00730218 /* Frameworks */,
				F2622939256F54DE00730218 /* Resources */,
				163A103A6385D83C773B859C /* [CP] Embed Pods Frameworks */,
			);
			buildRules = (
			);
			dependencies = (
			);
			name = "ChattyJohn*UI";
			productName = "ChattyJohn*UI";
			productReference = F262293B256F54DE00730218 /* ChattyJohn*UI.app */;
			productType = "com.apple.product-type.application";
		};
/* End PBXNativeTarget section */

/* Begin PBXProject section */
		F2622933256F54DE00730218 /* Project object */ = {
			isa = PBXProject;
			attributes = {
				LastSwiftUpdateCheck = 1220;
				LastUpgradeCheck = 1220;
				TargetAttributes = {
					F262293A256F54DE00730218 = {
						CreatedOnToolsVersion = 12.2;
					};
				};
			};
			buildConfigurationList = F2622936256F54DE00730218 /* Build configuration list for PBXProject "ChattyJohn*UI" */;
			compatibilityVersion = "Xcode 9.3";
			developmentRegion = en;
			hasScannedForEncodings = 0;
			knownRegions = (
				en,
				Base,
			);
			mainGroup = F2622932256F54DE00730218;
			productRefGroup = F262293C256F54DE00730218 /* Products */;
			projectDirPath = "";
			projectRoot = "";
			targets = (
				F262293A256F54DE00730218 /* ChattyJohn*UI */,
			);
		};
/* End PBXProject section */

/* Begin PBXResourcesBuildPhase section */
		F2622939256F54DE00730218 /* Resources */ = {
			isa = PBXResourcesBuildPhase;
			buildActionMask = 2147483647;
			files = (
				F262294B256F54DF00730218 /* LaunchScreen.storyboard in Resources */,
				F2622948256F54DF00730218 /* Assets.xcassets in Resources */,
				F2622946256F54DE00730218 /* Main.storyboard in Resources */,
			);
			runOnlyForDeploymentPostprocessing = 0;
		};
/* End PBXResourcesBuildPhase section */

/* Begin PBXShellScriptBuildPhase section */
		163A103A6385D83C773B859C /* [CP] Embed Pods Frameworks */ = {
			isa = PBXShellScriptBuildPhase;
			buildActionMask = 2147483647;
			files = (
			);
			inputFileListPaths = (
				"${PODS_ROOT}/Target Support Files/Pods-ChattyJohn*UI/Pods-ChattyJohn*UI-frameworks-${CONFIGURATION}-input-files.xcfilelist",
			);
			name = "[CP] Embed Pods Frameworks";
			outputFileListPaths = (
				"${PODS_ROOT}/Target Support Files/Pods-ChattyJohn*UI/Pods-ChattyJohn*UI-frameworks-${CONFIGURATION}-output-files.xcfilelist",
			);
			runOnlyForDeploymentPostprocessing = 0;
			shellPath = /bin/sh;
			shellScript = "\"${PODS_ROOT}/Target Support Files/Pods-ChattyJohn*UI/Pods-ChattyJohn*UI-frameworks.sh\"\n";
			showEnvVarsInLog = 0;
		};
		4641FAAA59B62DB74D41CCF1 /* [CP] Check Pods Manifest.lock */ = {
			isa = PBXShellScriptBuildPhase;
			buildActionMask = 2147483647;
			files = (
			);
			inputFileListPaths = (
			);
			inputPaths = (
				"${PODS_PODFILE_DIR_PATH}/Podfile.lock",
				"${PODS_ROOT}/Manifest.lock",
			);
			name = "[CP] Check Pods Manifest.lock";
			outputFileListPaths = (
			);
			outputPaths = (
				"$(DERIVED_FILE_DIR)/Pods-ChattyJohn*UI-checkManifestLockResult.txt",
			);
			runOnlyForDeploymentPostprocessing = 0;
			shellPath = /bin/sh;
			shellScript = "diff \"${PODS_PODFILE_DIR_PATH}/Podfile.lock\" \"${PODS_ROOT}/Manifest.lock\" > /dev/null\nif [ $? != 0 ] ; then\n    # print error to STDERR\n    echo \"error: The sandbox is not in sync with the Podfile.lock. Run 'pod install' or update your CocoaPods installation.\" >&2\n    exit 1\nfi\n# This output is used by Xcode 'outputs' to avoid re-running this script phase.\necho \"SUCCESS\" > \"${SCRIPT_OUTPUT_FILE_0}\"\n";
			showEnvVarsInLog = 0;
		};
/* End PBXShellScriptBuildPhase section */

/* Begin PBXSourcesBuildPhase section */
		F2622937256F54DE00730218 /* Sources */ = {
			isa = PBXSourcesBuildPhase;
			buildActionMask = 2147483647;
			files = (
				F2622943256F54DE00730218 /* ViewController.swift in Sources */,
				F262293F256F54DE00730218 /* AppDelegate.swift in Sources */,
				F20DF30A2570B06A00B596F4 /* MessageTableViewCell.swift in Sources */,
				F24BDBE72571510100D359DC /* ResponseTableViewCell.swift in Sources */,
				F25D23B12571A50600A7E0B0 /* ViewModel.swift in Sources */,
				F2622941256F54DE00730218 /* SceneDelegate.swift in Sources */,
			);
			runOnlyForDeploymentPostprocessing = 0;
		};
/* End PBXSourcesBuildPhase section */

/* Begin PBXVariantGroup section */
		F2622944256F54DE00730218 /* Main.storyboard */ = {
			isa = PBXVariantGroup;
			children = (
				F2622945256F54DE00730218 /* Base */,
			);
			name = Main.storyboard;
			sourceTree = "<group>";
		};
		F2622949256F54DF00730218 /* LaunchScreen.storyboard */ = {
			isa = PBXVariantGroup;
			children = (
				F262294A256F54DF00730218 /* Base */,
			);
			name = LaunchScreen.storyboard;
			sourceTree = "<group>";
		};
/* End PBXVariantGroup section */

/* Begin XCBuildConfiguration section */
		F262294D256F54DF00730218 /* Debug */ = {
			isa = XCBuildConfiguration;
			buildSettings = {
				ALWAYS_SEARCH_USER_PATHS = NO;
				CLANG_ANALYZER_NONNULL = YES;
				CLANG_ANALYZER_NUMBER_OBJECT_CONVERSION = YES_AGGRESSIVE;
				CLANG_CXX_LANGUAGE_STANDARD = "gnu++14";
				CLANG_CXX_LIBRARY = "libc++";
				CLANG_ENABLE_MODULES = YES;
				CLANG_ENABLE_OBJC_ARC = YES;
				CLANG_ENABLE_OBJC_WEAK = YES;
				CLANG_WARN_BLOCK_CAPTURE_AUTORELEASING = YES;
				CLANG_WARN_BOOL_CONVERSION = YES;
				CLANG_WARN_COMMA = YES;
				CLANG_WARN_CONSTANT_CONVERSION = YES;
				CLANG_WARN_DEPRECATED_OBJC_IMPLEMENTATIONS = YES;
				CLANG_WARN_DIRECT_OBJC_ISA_USAGE = YES_ERROR;
				CLANG_WARN_DOCUMENTATION_COMMENTS = YES;
				CLANG_WARN_EMPTY_BODY = YES;
				CLANG_WARN_ENUM_CONVERSION = YES;
				CLANG_WARN_INFINITE_RECURSION = YES;
				CLANG_WARN_INT_CONVERSION = YES;
				CLANG_WARN_NON_LITERAL_NULL_CONVERSION = YES;
				CLANG_WARN_OBJC_IMPLICIT_RETAIN_SELF = YES;
				CLANG_WARN_OBJC_LITERAL_CONVERSION = YES;
				CLANG_WARN_OBJC_ROOT_CLASS = YES_ERROR;
				CLANG_WARN_QUOTED_INCLUDE_IN_FRAMEWORK_HEADER = YES;
				CLANG_WARN_RANGE_LOOP_ANALYSIS = YES;
				CLANG_WARN_STRICT_PROTOTYPES = YES;
				CLANG_WARN_SUSPICIOUS_MOVE = YES;
				CLANG_WARN_UNGUARDED_AVAILABILITY = YES_AGGRESSIVE;
				CLANG_WARN_UNREACHABLE_CODE = YES;
				CLANG_WARN__DUPLICATE_METHOD_MATCH = YES;
				COPY_PHASE_STRIP = NO;
				DEBUG_INFORMATION_FORMAT = dwarf;
				ENABLE_STRICT_OBJC_MSGSEND = YES;
				ENABLE_TESTABILITY = YES;
				GCC_C_LANGUAGE_STANDARD = gnu11;
				GCC_DYNAMIC_NO_PIC = NO;
				GCC_NO_COMMON_BLOCKS = YES;
				GCC_OPTIMIZATION_LEVEL = 0;
				GCC_PREPROCESSOR_DEFINITIONS = (
					"DEBUG=1",
					"$(inherited)",
				);
				GCC_WARN_64_TO_32_BIT_CONVERSION = YES;
				GCC_WARN_ABOUT_RETURN_TYPE = YES_ERROR;
				GCC_WARN_UNDECLARED_SELECTOR = YES;
				GCC_WARN_UNINITIALIZED_AUTOS = YES_AGGRESSIVE;
				GCC_WARN_UNUSED_FUNCTION = YES;
				GCC_WARN_UNUSED_VARIABLE = YES;
				IPHONEOS_DEPLOYMENT_TARGET = 14.2;
				MTL_ENABLE_DEBUG_INFO = INCLUDE_SOURCE;
				MTL_FAST_MATH = YES;
				ONLY_ACTIVE_ARCH = YES;
				SDKROOT = iphoneos;
				SWIFT_ACTIVE_COMPILATION_CONDITIONS = DEBUG;
				SWIFT_OPTIMIZATION_LEVEL = "-Onone";
			};
			name = Debug;
		};
		F262294E256F54DF00730218 /* Release */ = {
			isa = XCBuildConfiguration;
			buildSettings = {
				ALWAYS_SEARCH_USER_PATHS = NO;
				CLANG_ANALYZER_NONNULL = YES;
				CLANG_ANALYZER_NUMBER_OBJECT_CONVERSION = YES_AGGRESSIVE;
				CLANG_CXX_LANGUAGE_STANDARD = "gnu++14";
				CLANG_CXX_LIBRARY = "libc++";
				CLANG_ENABLE_MODULES = YES;
				CLANG_ENABLE_OBJC_ARC = YES;
				CLANG_ENABLE_OBJC_WEAK = YES;
				CLANG_WARN_BLOCK_CAPTURE_AUTORELEASING = YES;
				CLANG_WARN_BOOL_CONVERSION = YES;
				CLANG_WARN_COMMA = YES;
				CLANG_WARN_CONSTANT_CONVERSION = YES;
				CLANG_WARN_DEPRECATED_OBJC_IMPLEMENTATIONS = YES;
				CLANG_WARN_DIRECT_OBJC_ISA_USAGE = YES_ERROR;
				CLANG_WARN_DOCUMENTATION_COMMENTS = YES;
				CLANG_WARN_EMPTY_BODY = YES;
				CLANG_WARN_ENUM_CONVERSION = YES;
				CLANG_WARN_INFINITE_RECURSION = YES;
				CLANG_WARN_INT_CONVERSION = YES;
				CLANG_WARN_NON_LITERAL_NULL_CONVERSION = YES;
				CLANG_WARN_OBJC_IMPLICIT_RETAIN_SELF = YES;
				CLANG_WARN_OBJC_LITERAL_CONVERSION = YES;
				CLANG_WARN_OBJC_ROOT_CLASS = YES_ERROR;
				CLANG_WARN_QUOTED_INCLUDE_IN_FRAMEWORK_HEADER = YES;
				CLANG_WARN_RANGE_LOOP_ANALYSIS = YES;
				CLANG_WARN_STRICT_PROTOTYPES = YES;
				CLANG_WARN_SUSPICIOUS_MOVE = YES;
				CLANG_WARN_UNGUARDED_AVAILABILITY = YES_AGGRESSIVE;
				CLANG_WARN_UNREACHABLE_CODE = YES;
				CLANG_WARN__DUPLICATE_METHOD_MATCH = YES;
				COPY_PHASE_STRIP = NO;
				DEBUG_INFORMATION_FORMAT = "dwarf-with-dsym";
				ENABLE_NS_ASSERTIONS = NO;
				ENABLE_STRICT_OBJC_MSGSEND = YES;
				GCC_C_LANGUAGE_STANDARD = gnu11;
				GCC_NO_COMMON_BLOCKS = YES;
				GCC_WARN_64_TO_32_BIT_CONVERSION = YES;
				GCC_WARN_ABOUT_RETURN_TYPE = YES_ERROR;
				GCC_WARN_UNDECLARED_SELECTOR = YES;
				GCC_WARN_UNINITIALIZED_AUTOS = YES_AGGRESSIVE;
				GCC_WARN_UNUSED_FUNCTION = YES;
				GCC_WARN_UNUSED_VARIABLE = YES;
				IPHONEOS_DEPLOYMENT_TARGET = 14.2;
				MTL_ENABLE_DEBUG_INFO = NO;
				MTL_FAST_MATH = YES;
				SDKROOT = iphoneos;
				SWIFT_COMPILATION_MODE = wholemodule;
				SWIFT_OPTIMIZATION_LEVEL = "-O";
				VALIDATE_PRODUCT = YES;
			};
			name = Release;
		};
		F2622950256F54DF00730218 /* Debug */ = {
			isa = XCBuildConfiguration;
			baseConfigurationReference = BC7710D55668F78CF086CA78 /* Pods-ChattyJohn*UI.debug.xcconfig */;
			buildSettings = {
				ASSETCATALOG_COMPILER_APPICON_NAME = AppIcon;
				ASSETCATALOG_COMPILER_GLOBAL_ACCENT_COLOR_NAME = AccentColor;
				CODE_SIGN_STYLE = Automatic;
				DEVELOPMENT_TEAM = 7GVZPRCFHJ;
				INFOPLIST_FILE = "ChattyJohn*UI/Info.plist";
				LD_RUNPATH_SEARCH_PATHS = (
					"$(inherited)",
					"@executable_path/Frameworks",
				);
				PRODUCT_BUNDLE_IDENTIFIER = "John-Li.ChattyJohn-UI";
				PRODUCT_NAME = "$(TARGET_NAME)";
				SWIFT_VERSION = 5.0;
				TARGETED_DEVICE_FAMILY = "1,2";
			};
			name = Debug;
		};
		F2622951256F54DF00730218 /* Release */ = {
			isa = XCBuildConfiguration;
			baseConfigurationReference = 6D7EAA754F48FB264747B5FB /* Pods-ChattyJohn*UI.release.xcconfig */;
			buildSettings = {
				ASSETCATALOG_COMPILER_APPICON_NAME = AppIcon;
				ASSETCATALOG_COMPILER_GLOBAL_ACCENT_COLOR_NAME = AccentColor;
				CODE_SIGN_STYLE = Automatic;
				DEVELOPMENT_TEAM = 7GVZPRCFHJ;
				INFOPLIST_FILE = "ChattyJohn*UI/Info.plist";
				LD_RUNPATH_SEARCH_PATHS = (
					"$(inherited)",
					"@executable_path/Frameworks",
				);
				PRODUCT_BUNDLE_IDENTIFIER = "John-Li.ChattyJohn-UI";
				PRODUCT_NAME = "$(TARGET_NAME)";
				SWIFT_VERSION = 5.0;
				TARGETED_DEVICE_FAMILY = "1,2";
			};
			name = Release;
		};
/* End XCBuildConfiguration section */

/* Begin XCConfigurationList section */
		F2622936256F54DE00730218 /* Build configuration list for PBXProject "ChattyJohn*UI" */ = {
			isa = XCConfigurationList;
			buildConfigurations = (
				F262294D256F54DF00730218 /* Debug */,
				F262294E256F54DF00730218 /* Release */,
			);
			defaultConfigurationIsVisible = 0;
			defaultConfigurationName = Release;
		};
		F262294F256F54DF00730218 /* Build configuration list for PBXNativeTarget "ChattyJohn*UI" */ = {
			isa = XCConfigurationList;
			buildConfigurations = (
				F2622950256F54DF00730218 /* Debug */,
				F2622951256F54DF00730218 /* Release */,
			);
			defaultConfigurationIsVisible = 0;
			defaultConfigurationName = Release;
		};
/* End XCConfigurationList section */
	};
	rootObject = F2622933256F54DE00730218 /* Project object */;
}
